// !$*UTF8*$!
{
	archiveVersion = 1;
	classes = {
	};
	objectVersion = 46;
	objects = {

/* Begin PBXBuildFile section */
		CEC884E61A063D3A00894961 /* main.cpp in Sources */ = {isa = PBXBuildFile; fileRef = CEC884E51A063D3A00894961 /* main.cpp */; };
		CEC884E81A063D3A00894961 /* LocalLibrary.cpp in Sources */ = {isa = PBXBuildFile; fileRef = CEC884E71A063D3A00894961 /* LocalLibrary.cpp */; };
		CEC884EB1A063D3A00894961 /* Makefile in Sources */ = {isa = PBXBuildFile; fileRef = CEC884EA1A063D3A00894961 /* Makefile */; };
/* End PBXBuildFile section */

/* Begin PBXFileReference section */
		CEC884E21A063D3A00894961 /* Index */ = {isa = PBXFileReference; explicitFileType = "compiled.mach-o.executable"; includeInIndex = 0; path = Index; sourceTree = BUILT_PRODUCTS_DIR; };
		CEC884E51A063D3A00894961 /* main.cpp */ = {isa = PBXFileReference; lastKnownFileType = sourcecode.cpp.cpp; path = main.cpp; sourceTree = "<group>"; };
		CEC884E71A063D3A00894961 /* LocalLibrary.cpp */ = {isa = PBXFileReference; lastKnownFileType = sourcecode.cpp.cpp; path = LocalLibrary.cpp; sourceTree = "<group>"; };
		CEC884E91A063D3A00894961 /* LocalLibrary.h */ = {isa = PBXFileReference; lastKnownFileType = sourcecode.c.h; path = LocalLibrary.h; sourceTree = "<group>"; };
		CEC884EA1A063D3A00894961 /* Makefile */ = {isa = PBXFileReference; lastKnownFileType = sourcecode.make; path = Makefile; sourceTree = "<group>"; };
		CEC884ED1A063D3A00894961 /* Sketchbook.txt */ = {isa = PBXFileReference; lastKnownFileType = text; name = Sketchbook.txt; path = Sketchbook/Sketchbook.txt; sourceTree = "<group>"; };
		CEC884EF1A063D3A00894961 /* 4D Systems PICadillo 35T.xcconfig */ = {isa = PBXFileReference; lastKnownFileType = text.xcconfig; name = "4D Systems PICadillo 35T.xcconfig"; path = "Configurations/4D Systems PICadillo 35T.xcconfig"; sourceTree = "<group>"; };
		CEC884F01A063D3A00894961 /* Arduino Due.xcconfig */ = {isa = PBXFileReference; lastKnownFileType = text.xcconfig; name = "Arduino Due.xcconfig"; path = "Configurations/Arduino Due.xcconfig"; sourceTree = "<group>"; };
		CEC884F11A063D3A00894961 /* Arduino Duemilanove.xcconfig */ = {isa = PBXFileReference; lastKnownFileType = text.xcconfig; name = "Arduino Duemilanove.xcconfig"; path = "Configurations/Arduino Duemilanove.xcconfig"; sourceTree = "<group>"; };
		CEC884F21A063D3A00894961 /* Arduino Leonardo.xcconfig */ = {isa = PBXFileReference; lastKnownFileType = text.xcconfig; name = "Arduino Leonardo.xcconfig"; path = "Configurations/Arduino Leonardo.xcconfig"; sourceTree = "<group>"; };
		CEC884F31A063D3A00894961 /* Arduino Mega 2560.xcconfig */ = {isa = PBXFileReference; lastKnownFileType = text.xcconfig; name = "Arduino Mega 2560.xcconfig"; path = "Configurations/Arduino Mega 2560.xcconfig"; sourceTree = "<group>"; };
		CEC884F41A063D3A00894961 /* Arduino Micro.xcconfig */ = {isa = PBXFileReference; lastKnownFileType = text.xcconfig; name = "Arduino Micro.xcconfig"; path = "Configurations/Arduino Micro.xcconfig"; sourceTree = "<group>"; };
		CEC884F51A063D3A00894961 /* Arduino Pro with ATmega328-3.3V.xcconfig */ = {isa = PBXFileReference; lastKnownFileType = text.xcconfig; name = "Arduino Pro with ATmega328-3.3V.xcconfig"; path = "Configurations/Arduino Pro with ATmega328-3.3V.xcconfig"; sourceTree = "<group>"; };
		CEC884F61A063D3A00894961 /* Arduino Pro with ATmega328-5V.xcconfig */ = {isa = PBXFileReference; lastKnownFileType = text.xcconfig; name = "Arduino Pro with ATmega328-5V.xcconfig"; path = "Configurations/Arduino Pro with ATmega328-5V.xcconfig"; sourceTree = "<group>"; };
		CEC884F71A063D3A00894961 /* Arduino Mini with ATmega168.xcconfig */ = {isa = PBXFileReference; lastKnownFileType = text.xcconfig; name = "Arduino Mini with ATmega168.xcconfig"; path = "Configurations/Arduino Mini with ATmega168.xcconfig"; sourceTree = "<group>"; };
		CEC884F81A063D3A00894961 /* Arduino Mini with ATmega328.xcconfig */ = {isa = PBXFileReference; lastKnownFileType = text.xcconfig; name = "Arduino Mini with ATmega328.xcconfig"; path = "Configurations/Arduino Mini with ATmega328.xcconfig"; sourceTree = "<group>"; };
		CEC884F91A063D3A00894961 /* Arduino Nano with ATmega168.xcconfig */ = {isa = PBXFileReference; lastKnownFileType = text.xcconfig; name = "Arduino Nano with ATmega168.xcconfig"; path = "Configurations/Arduino Nano with ATmega168.xcconfig"; sourceTree = "<group>"; };
		CEC884FA1A063D3A00894961 /* Arduino Nano with ATmega328.xcconfig */ = {isa = PBXFileReference; lastKnownFileType = text.xcconfig; name = "Arduino Nano with ATmega328.xcconfig"; path = "Configurations/Arduino Nano with ATmega328.xcconfig"; sourceTree = "<group>"; };
		CEC884FB1A063D3A00894961 /* Arduino Robot Control.xcconfig */ = {isa = PBXFileReference; lastKnownFileType = text.xcconfig; name = "Arduino Robot Control.xcconfig"; path = "Configurations/Arduino Robot Control.xcconfig"; sourceTree = "<group>"; };
		CEC884FC1A063D3A00894961 /* Arduino Robot Motor.xcconfig */ = {isa = PBXFileReference; lastKnownFileType = text.xcconfig; name = "Arduino Robot Motor.xcconfig"; path = "Configurations/Arduino Robot Motor.xcconfig"; sourceTree = "<group>"; };
		CEC884FD1A063D3A00894961 /* Arduino Uno.xcconfig */ = {isa = PBXFileReference; lastKnownFileType = text.xcconfig; name = "Arduino Uno.xcconfig"; path = "Configurations/Arduino Uno.xcconfig"; sourceTree = "<group>"; };
		CEC884FE1A063D3A00894961 /* Arduino Yun.xcconfig */ = {isa = PBXFileReference; lastKnownFileType = text.xcconfig; name = "Arduino Yun.xcconfig"; path = "Configurations/Arduino Yun.xcconfig"; sourceTree = "<group>"; };
		CEC884FF1A063D3A00894961 /* chipKIT Uno32.xcconfig */ = {isa = PBXFileReference; lastKnownFileType = text.xcconfig; name = "chipKIT Uno32.xcconfig"; path = "Configurations/chipKIT Uno32.xcconfig"; sourceTree = "<group>"; };
		CEC885001A063D3A00894961 /* chipKIT Max32.xcconfig */ = {isa = PBXFileReference; lastKnownFileType = text.xcconfig; name = "chipKIT Max32.xcconfig"; path = "Configurations/chipKIT Max32.xcconfig"; sourceTree = "<group>"; };
		CEC885011A063D3A00894961 /* chipKIT uC32.xcconfig */ = {isa = PBXFileReference; lastKnownFileType = text.xcconfig; name = "chipKIT uC32.xcconfig"; path = "Configurations/chipKIT uC32.xcconfig"; sourceTree = "<group>"; };
		CEC885021A063D3A00894961 /* DFRobot BLuno.xcconfig */ = {isa = PBXFileReference; lastKnownFileType = text.xcconfig; name = "DFRobot BLuno.xcconfig"; path = "Configurations/DFRobot BLuno.xcconfig"; sourceTree = "<group>"; };
		CEC885031A063D3A00894961 /* DFRobot Wido.xcconfig */ = {isa = PBXFileReference; lastKnownFileType = text.xcconfig; name = "DFRobot Wido.xcconfig"; path = "Configurations/DFRobot Wido.xcconfig"; sourceTree = "<group>"; };
		CEC885041A063D3A00894961 /* Digispark Tiny Core.xcconfig */ = {isa = PBXFileReference; lastKnownFileType = text.xcconfig; name = "Digispark Tiny Core.xcconfig"; path = "Configurations/Digispark Tiny Core.xcconfig"; sourceTree = "<group>"; };
		CEC885051A063D3A00894961 /* Experimeter Board with MSP430FR5739.xcconfig */ = {isa = PBXFileReference; lastKnownFileType = text.xcconfig; name = "Experimeter Board with MSP430FR5739.xcconfig"; path = "Configurations/Experimeter Board with MSP430FR5739.xcconfig"; sourceTree = "<group>"; };
		CEC885061A063D3A00894961 /* Intel Galileo.xcconfig */ = {isa = PBXFileReference; lastKnownFileType = text.xcconfig; name = "Intel Galileo.xcconfig"; path = "Configurations/Intel Galileo.xcconfig"; sourceTree = "<group>"; };
		CEC885071A063D3A00894961 /* Intel Galileo Gen2.xcconfig */ = {isa = PBXFileReference; lastKnownFileType = text.xcconfig; name = "Intel Galileo Gen2.xcconfig"; path = "Configurations/Intel Galileo Gen2.xcconfig"; sourceTree = "<group>"; };
		CEC885081A063D3A00894961 /* LaunchPad WiFi with CC3200.xcconfig */ = {isa = PBXFileReference; lastKnownFileType = text.xcconfig; name = "LaunchPad WiFi with CC3200.xcconfig"; path = "Configurations/LaunchPad WiFi with CC3200.xcconfig"; sourceTree = "<group>"; };
		CEC885091A063D3A00894961 /* LaunchPad Stellaris with LM4F120.xcconfig */ = {isa = PBXFileReference; lastKnownFileType = text.xcconfig; name = "LaunchPad Stellaris with LM4F120.xcconfig"; path = "Configurations/LaunchPad Stellaris with LM4F120.xcconfig"; sourceTree = "<group>"; };
		CEC8850A1A063D3A00894961 /* LaunchPad Tiva C with TM4C123.xcconfig */ = {isa = PBXFileReference; lastKnownFileType = text.xcconfig; name = "LaunchPad Tiva C with TM4C123.xcconfig"; path = "Configurations/LaunchPad Tiva C with TM4C123.xcconfig"; sourceTree = "<group>"; };
		CEC8850B1A063D3A00894961 /* LaunchPad Tiva C with TM4C129.xcconfig */ = {isa = PBXFileReference; lastKnownFileType = text.xcconfig; name = "LaunchPad Tiva C with TM4C129.xcconfig"; path = "Configurations/LaunchPad Tiva C with TM4C129.xcconfig"; sourceTree = "<group>"; };
		CEC8850C1A063D3A00894961 /* LaunchPad with MSP430G2553.xcconfig */ = {isa = PBXFileReference; lastKnownFileType = text.xcconfig; name = "LaunchPad with MSP430G2553.xcconfig"; path = "Configurations/LaunchPad with MSP430G2553.xcconfig"; sourceTree = "<group>"; };
		CEC8850D1A063D3A00894961 /* LaunchPad with MSP430G2231.xcconfig */ = {isa = PBXFileReference; lastKnownFileType = text.xcconfig; name = "LaunchPad with MSP430G2231.xcconfig"; path = "Configurations/LaunchPad with MSP430G2231.xcconfig"; sourceTree = "<group>"; };
		CEC8850E1A063D3A00894961 /* LaunchPad with MSP430G2452.xcconfig */ = {isa = PBXFileReference; lastKnownFileType = text.xcconfig; name = "LaunchPad with MSP430G2452.xcconfig"; path = "Configurations/LaunchPad with MSP430G2452.xcconfig"; sourceTree = "<group>"; };
		CEC8850F1A063D3A00894961 /* LaunchPad with MSP430F5529.xcconfig */ = {isa = PBXFileReference; lastKnownFileType = text.xcconfig; name = "LaunchPad with MSP430F5529.xcconfig"; path = "Configurations/LaunchPad with MSP430F5529.xcconfig"; sourceTree = "<group>"; };
		CEC885101A063D3A00894961 /* LaunchPad with MSP430FR5969.xcconfig */ = {isa = PBXFileReference; lastKnownFileType = text.xcconfig; name = "LaunchPad with MSP430FR5969.xcconfig"; path = "Configurations/LaunchPad with MSP430FR5969.xcconfig"; sourceTree = "<group>"; };
		CEC885111A063D3A00894961 /* Maple Flash revision 3+.xcconfig */ = {isa = PBXFileReference; lastKnownFileType = text.xcconfig; name = "Maple Flash revision 3+.xcconfig"; path = "Configurations/Maple Flash revision 3+.xcconfig"; sourceTree = "<group>"; };
		CEC885121A063D3A00894961 /* Microduino Core with ATmega328-5V.xcconfig */ = {isa = PBXFileReference; lastKnownFileType = text.xcconfig; name = "Microduino Core with ATmega328-5V.xcconfig"; path = "Configurations/Microduino Core with ATmega328-5V.xcconfig"; sourceTree = "<group>"; };
		CEC885131A063D3A00894961 /* Microduino Core32u4 with ATmega328U4-5V.xcconfig */ = {isa = PBXFileReference; lastKnownFileType = text.xcconfig; name = "Microduino Core32u4 with ATmega328U4-5V.xcconfig"; path = "Configurations/Microduino Core32u4 with ATmega328U4-5V.xcconfig"; sourceTree = "<group>"; };
		CEC885141A063D3A00894961 /* Microduino Core+ with ATmega644-5V.xcconfig */ = {isa = PBXFileReference; lastKnownFileType = text.xcconfig; name = "Microduino Core+ with ATmega644-5V.xcconfig"; path = "Configurations/Microduino Core+ with ATmega644-5V.xcconfig"; sourceTree = "<group>"; };
		CEC885151A063D3A00894961 /* Sparkfun Uno.xcconfig */ = {isa = PBXFileReference; lastKnownFileType = text.xcconfig; name = "Sparkfun Uno.xcconfig"; path = "Configurations/Sparkfun Uno.xcconfig"; sourceTree = "<group>"; };
		CEC885161A063D3A00894961 /* Teensy 2.0.xcconfig */ = {isa = PBXFileReference; lastKnownFileType = text.xcconfig; name = "Teensy 2.0.xcconfig"; path = "Configurations/Teensy 2.0.xcconfig"; sourceTree = "<group>"; };
		CEC885171A063D3A00894961 /* Teensy 3.0.xcconfig */ = {isa = PBXFileReference; lastKnownFileType = text.xcconfig; name = "Teensy 3.0.xcconfig"; path = "Configurations/Teensy 3.0.xcconfig"; sourceTree = "<group>"; };
		CEC885181A063D3A00894961 /* Teensy 3.1.xcconfig */ = {isa = PBXFileReference; lastKnownFileType = text.xcconfig; name = "Teensy 3.1.xcconfig"; path = "Configurations/Teensy 3.1.xcconfig"; sourceTree = "<group>"; };
		CEC885191A063D3A00894961 /* Wiring S.xcconfig */ = {isa = PBXFileReference; lastKnownFileType = text.xcconfig; name = "Wiring S.xcconfig"; path = "Configurations/Wiring S.xcconfig"; sourceTree = "<group>"; };
		CEC8851B1A063D3A00894961 /* Arduino.mk */ = {isa = PBXFileReference; lastKnownFileType = text; name = Arduino.mk; path = Makefiles/Arduino.mk; sourceTree = "<group>"; };
		CEC8851C1A063D3A00894961 /* Arduino1.mk */ = {isa = PBXFileReference; lastKnownFileType = text; name = Arduino1.mk; path = Makefiles/Arduino1.mk; sourceTree = "<group>"; };
		CEC8851D1A063D3A00894961 /* Arduino15avr.mk */ = {isa = PBXFileReference; lastKnownFileType = text; name = Arduino15avr.mk; path = Makefiles/Arduino15avr.mk; sourceTree = "<group>"; };
		CEC8851E1A063D3A00894961 /* Arduino15sam.mk */ = {isa = PBXFileReference; lastKnownFileType = text; name = Arduino15sam.mk; path = Makefiles/Arduino15sam.mk; sourceTree = "<group>"; };
		CEC8851F1A063D3A00894961 /* Arduino23.mk */ = {isa = PBXFileReference; lastKnownFileType = text; name = Arduino23.mk; path = Makefiles/Arduino23.mk; sourceTree = "<group>"; };
		CEC885201A063D3A00894961 /* Digispark.mk */ = {isa = PBXFileReference; lastKnownFileType = text; name = Digispark.mk; path = Makefiles/Digispark.mk; sourceTree = "<group>"; };
		CEC885211A063D3A00894961 /* EnergiaMSP430.mk */ = {isa = PBXFileReference; lastKnownFileType = text; name = EnergiaMSP430.mk; path = Makefiles/EnergiaMSP430.mk; sourceTree = "<group>"; };
		CEC885221A063D3A00894961 /* EnergiaLM4F.mk */ = {isa = PBXFileReference; lastKnownFileType = text; name = EnergiaLM4F.mk; path = Makefiles/EnergiaLM4F.mk; sourceTree = "<group>"; };
		CEC885231A063D3A00894961 /* EnergiaCC3200.mk */ = {isa = PBXFileReference; lastKnownFileType = text; name = EnergiaCC3200.mk; path = Makefiles/EnergiaCC3200.mk; sourceTree = "<group>"; };
		CEC885241A063D3A00894961 /* Galileo.mk */ = {isa = PBXFileReference; lastKnownFileType = text; name = Galileo.mk; path = Makefiles/Galileo.mk; sourceTree = "<group>"; };
		CEC885251A063D3A00894961 /* MapleIDE.mk */ = {isa = PBXFileReference; lastKnownFileType = text; name = MapleIDE.mk; path = Makefiles/MapleIDE.mk; sourceTree = "<group>"; };
		CEC885261A063D3A00894961 /* Microduino.mk */ = {isa = PBXFileReference; lastKnownFileType = text; name = Microduino.mk; path = Makefiles/Microduino.mk; sourceTree = "<group>"; };
		CEC885271A063D3A00894961 /* Mpide.mk */ = {isa = PBXFileReference; lastKnownFileType = text; name = Mpide.mk; path = Makefiles/Mpide.mk; sourceTree = "<group>"; };
		CEC885281A063D3A00894961 /* Wiring.mk */ = {isa = PBXFileReference; lastKnownFileType = text; name = Wiring.mk; path = Makefiles/Wiring.mk; sourceTree = "<group>"; };
		CEC885291A063D3A00894961 /* Step1.mk */ = {isa = PBXFileReference; lastKnownFileType = text; name = Step1.mk; path = Makefiles/Step1.mk; sourceTree = "<group>"; };
		CEC8852A1A063D3A00894961 /* Step2.mk */ = {isa = PBXFileReference; lastKnownFileType = text; name = Step2.mk; path = Makefiles/Step2.mk; sourceTree = "<group>"; };
		CEC8852B1A063D3A00894961 /* Teensy.mk */ = {isa = PBXFileReference; lastKnownFileType = text; name = Teensy.mk; path = Makefiles/Teensy.mk; sourceTree = "<group>"; };
		CEC8852C1A063D3A00894961 /* Teensy2.mk */ = {isa = PBXFileReference; lastKnownFileType = text; name = Teensy2.mk; path = Makefiles/Teensy2.mk; sourceTree = "<group>"; };
		CEC8852D1A063D3A00894961 /* Teensy3.mk */ = {isa = PBXFileReference; lastKnownFileType = text; name = Teensy3.mk; path = Makefiles/Teensy3.mk; sourceTree = "<group>"; };
		CEC8852E1A063D3A00894961 /* Avrdude.mk */ = {isa = PBXFileReference; lastKnownFileType = text; name = Avrdude.mk; path = Makefiles/Avrdude.mk; sourceTree = "<group>"; };
		CEC8852F1A063D3A00894961 /* ReadMe.txt */ = {isa = PBXFileReference; lastKnownFileType = text; path = ReadMe.txt; sourceTree = "<group>"; };
		CEC885311A063D3A00894961 /* About.txt */ = {isa = PBXFileReference; lastKnownFileType = text; name = About.txt; path = About/About.txt; sourceTree = "<group>"; };
		CEC885331A063D3A00894961 /* reset.py */ = {isa = PBXFileReference; lastKnownFileType = text.script.python; name = reset.py; path = Utilities/reset.py; sourceTree = "<group>"; };
		CEC885341A063D3A00894961 /* serial1200.py */ = {isa = PBXFileReference; lastKnownFileType = text.script.python; name = serial1200.py; path = Utilities/serial1200.py; sourceTree = "<group>"; };
		CEC885351A063D3A00894961 /* embedXcode_prepare */ = {isa = PBXFileReference; lastKnownFileType = "compiled.mach-o.executable"; name = embedXcode_prepare; path = Utilities/embedXcode_prepare; sourceTree = "<group>"; };
		CEC885361A063D3A00894961 /* embedXcode_check */ = {isa = PBXFileReference; lastKnownFileType = "compiled.mach-o.executable"; name = embedXcode_check; path = Utilities/embedXcode_check; sourceTree = "<group>"; };
		CEC885371A063D3A00894961 /* embedXcode_chrono */ = {isa = PBXFileReference; lastKnownFileType = "compiled.mach-o.executable"; name = embedXcode_chrono; path = Utilities/embedXcode_chrono; sourceTree = "<group>"; };
		CEC885381A063D3A00894961 /* TemplateIcon.icns */ = {isa = PBXFileReference; lastKnownFileType = image.icns; name = TemplateIcon.icns; path = Utilities/TemplateIcon.icns; sourceTree = "<group>"; };
		CEC885391A063D3A00894961 /* clupload_osx.sh */ = {isa = PBXFileReference; lastKnownFileType = text.script.sh; name = clupload_osx.sh; path = Utilities/clupload_osx.sh; sourceTree = "<group>"; };
		CEC8853A1A063D3A00894961 /* msp_hello_world.ino */ = {isa = PBXFileReference; lastKnownFileType = text; path = msp_hello_world.ino; sourceTree = "<group>"; };
/* End PBXFileReference section */

/* Begin PBXGroup section */
		CEC884D71A063D3A00894961 = {
			isa = PBXGroup;
			children = (
				CEC884E41A063D3A00894961 /* msp-hello-world */,
				CEC884E31A063D3A00894961 /* Products */,
			);
			sourceTree = "<group>";
		};
		CEC884E31A063D3A00894961 /* Products */ = {
			isa = PBXGroup;
			children = (
				CEC884E21A063D3A00894961 /* Index */,
			);
			name = Products;
			sourceTree = "<group>";
		};
		CEC884E41A063D3A00894961 /* msp-hello-world */ = {
			isa = PBXGroup;
			children = (
				CEC884E51A063D3A00894961 /* main.cpp */,
				CEC884E71A063D3A00894961 /* LocalLibrary.cpp */,
				CEC884E91A063D3A00894961 /* LocalLibrary.h */,
				CEC884EA1A063D3A00894961 /* Makefile */,
				CEC8852F1A063D3A00894961 /* ReadMe.txt */,
				CEC8853A1A063D3A00894961 /* msp_hello_world.ino */,
				CEC884EC1A063D3A00894961 /* Sketchbook */,
				CEC884EE1A063D3A00894961 /* Configurations */,
				CEC8851A1A063D3A00894961 /* Makefiles */,
				CEC885301A063D3A00894961 /* About */,
				CEC885321A063D3A00894961 /* Utilities */,
			);
			path = "msp-hello-world";
			sourceTree = "<group>";
		};
		CEC884EC1A063D3A00894961 /* Sketchbook */ = {
			isa = PBXGroup;
			children = (
				CEC884ED1A063D3A00894961 /* Sketchbook.txt */,
			);
			name = Sketchbook;
			sourceTree = "<group>";
		};
		CEC884EE1A063D3A00894961 /* Configurations */ = {
			isa = PBXGroup;
			children = (
				CEC884EF1A063D3A00894961 /* 4D Systems PICadillo 35T.xcconfig */,
				CEC884F01A063D3A00894961 /* Arduino Due.xcconfig */,
				CEC884F11A063D3A00894961 /* Arduino Duemilanove.xcconfig */,
				CEC884F21A063D3A00894961 /* Arduino Leonardo.xcconfig */,
				CEC884F31A063D3A00894961 /* Arduino Mega 2560.xcconfig */,
				CEC884F41A063D3A00894961 /* Arduino Micro.xcconfig */,
				CEC884F51A063D3A00894961 /* Arduino Pro with ATmega328-3.3V.xcconfig */,
				CEC884F61A063D3A00894961 /* Arduino Pro with ATmega328-5V.xcconfig */,
				CEC884F71A063D3A00894961 /* Arduino Mini with ATmega168.xcconfig */,
				CEC884F81A063D3A00894961 /* Arduino Mini with ATmega328.xcconfig */,
				CEC884F91A063D3A00894961 /* Arduino Nano with ATmega168.xcconfig */,
				CEC884FA1A063D3A00894961 /* Arduino Nano with ATmega328.xcconfig */,
				CEC884FB1A063D3A00894961 /* Arduino Robot Control.xcconfig */,
				CEC884FC1A063D3A00894961 /* Arduino Robot Motor.xcconfig */,
				CEC884FD1A063D3A00894961 /* Arduino Uno.xcconfig */,
				CEC884FE1A063D3A00894961 /* Arduino Yun.xcconfig */,
				CEC884FF1A063D3A00894961 /* chipKIT Uno32.xcconfig */,
				CEC885001A063D3A00894961 /* chipKIT Max32.xcconfig */,
				CEC885011A063D3A00894961 /* chipKIT uC32.xcconfig */,
				CEC885021A063D3A00894961 /* DFRobot BLuno.xcconfig */,
				CEC885031A063D3A00894961 /* DFRobot Wido.xcconfig */,
				CEC885041A063D3A00894961 /* Digispark Tiny Core.xcconfig */,
				CEC885051A063D3A00894961 /* Experimeter Board with MSP430FR5739.xcconfig */,
				CEC885061A063D3A00894961 /* Intel Galileo.xcconfig */,
				CEC885071A063D3A00894961 /* Intel Galileo Gen2.xcconfig */,
				CEC885081A063D3A00894961 /* LaunchPad WiFi with CC3200.xcconfig */,
				CEC885091A063D3A00894961 /* LaunchPad Stellaris with LM4F120.xcconfig */,
				CEC8850A1A063D3A00894961 /* LaunchPad Tiva C with TM4C123.xcconfig */,
				CEC8850B1A063D3A00894961 /* LaunchPad Tiva C with TM4C129.xcconfig */,
				CEC8850C1A063D3A00894961 /* LaunchPad with MSP430G2553.xcconfig */,
				CEC8850D1A063D3A00894961 /* LaunchPad with MSP430G2231.xcconfig */,
				CEC8850E1A063D3A00894961 /* LaunchPad with MSP430G2452.xcconfig */,
				CEC8850F1A063D3A00894961 /* LaunchPad with MSP430F5529.xcconfig */,
				CEC885101A063D3A00894961 /* LaunchPad with MSP430FR5969.xcconfig */,
				CEC885111A063D3A00894961 /* Maple Flash revision 3+.xcconfig */,
				CEC885121A063D3A00894961 /* Microduino Core with ATmega328-5V.xcconfig */,
				CEC885131A063D3A00894961 /* Microduino Core32u4 with ATmega328U4-5V.xcconfig */,
				CEC885141A063D3A00894961 /* Microduino Core+ with ATmega644-5V.xcconfig */,
				CEC885151A063D3A00894961 /* Sparkfun Uno.xcconfig */,
				CEC885161A063D3A00894961 /* Teensy 2.0.xcconfig */,
				CEC885171A063D3A00894961 /* Teensy 3.0.xcconfig */,
				CEC885181A063D3A00894961 /* Teensy 3.1.xcconfig */,
				CEC885191A063D3A00894961 /* Wiring S.xcconfig */,
			);
			name = Configurations;
			sourceTree = "<group>";
		};
		CEC8851A1A063D3A00894961 /* Makefiles */ = {
			isa = PBXGroup;
			children = (
				CEC8851B1A063D3A00894961 /* Arduino.mk */,
				CEC8851C1A063D3A00894961 /* Arduino1.mk */,
				CEC8851D1A063D3A00894961 /* Arduino15avr.mk */,
				CEC8851E1A063D3A00894961 /* Arduino15sam.mk */,
				CEC8851F1A063D3A00894961 /* Arduino23.mk */,
				CEC885201A063D3A00894961 /* Digispark.mk */,
				CEC885211A063D3A00894961 /* EnergiaMSP430.mk */,
				CEC885221A063D3A00894961 /* EnergiaLM4F.mk */,
				CEC885231A063D3A00894961 /* EnergiaCC3200.mk */,
				CEC885241A063D3A00894961 /* Galileo.mk */,
				CEC885251A063D3A00894961 /* MapleIDE.mk */,
				CEC885261A063D3A00894961 /* Microduino.mk */,
				CEC885271A063D3A00894961 /* Mpide.mk */,
				CEC885281A063D3A00894961 /* Wiring.mk */,
				CEC885291A063D3A00894961 /* Step1.mk */,
				CEC8852A1A063D3A00894961 /* Step2.mk */,
				CEC8852B1A063D3A00894961 /* Teensy.mk */,
				CEC8852C1A063D3A00894961 /* Teensy2.mk */,
				CEC8852D1A063D3A00894961 /* Teensy3.mk */,
				CEC8852E1A063D3A00894961 /* Avrdude.mk */,
			);
			name = Makefiles;
			sourceTree = "<group>";
		};
		CEC885301A063D3A00894961 /* About */ = {
			isa = PBXGroup;
			children = (
				CEC885311A063D3A00894961 /* About.txt */,
			);
			name = About;
			sourceTree = "<group>";
		};
		CEC885321A063D3A00894961 /* Utilities */ = {
			isa = PBXGroup;
			children = (
				CEC885331A063D3A00894961 /* reset.py */,
				CEC885341A063D3A00894961 /* serial1200.py */,
				CEC885351A063D3A00894961 /* embedXcode_prepare */,
				CEC885361A063D3A00894961 /* embedXcode_check */,
				CEC885371A063D3A00894961 /* embedXcode_chrono */,
				CEC885381A063D3A00894961 /* TemplateIcon.icns */,
				CEC885391A063D3A00894961 /* clupload_osx.sh */,
			);
			name = Utilities;
			sourceTree = "<group>";
		};
/* End PBXGroup section */

/* Begin PBXLegacyTarget section */
		CEC884DC1A063D3A00894961 /* All */ = {
			isa = PBXLegacyTarget;
			buildArgumentsString = "all -C \"$(PROJECT)\"";
			buildConfigurationList = CEC8853D1A063D3A00894961 /* Build configuration list for PBXLegacyTarget "All" */;
			buildPhases = (
			);
			buildToolPath = make;
			dependencies = (
			);
			name = All;
			passBuildSettingsInEnvironment = 1;
			productName = All;
		};
		CEC884DD1A063D3A00894961 /* Build */ = {
			isa = PBXLegacyTarget;
			buildArgumentsString = "build -C \"$(PROJECT)\"";
			buildConfigurationList = CEC885401A063D3A00894961 /* Build configuration list for PBXLegacyTarget "Build" */;
			buildPhases = (
			);
			buildToolPath = make;
			dependencies = (
			);
			name = Build;
			passBuildSettingsInEnvironment = 1;
			productName = Build;
		};
		CEC884DE1A063D3A00894961 /* Serial */ = {
			isa = PBXLegacyTarget;
			buildArgumentsString = "serial -C \"$(PROJECT)\"";
			buildConfigurationList = CEC885431A063D3A00894961 /* Build configuration list for PBXLegacyTarget "Serial" */;
			buildPhases = (
			);
			buildToolPath = make;
			dependencies = (
			);
			name = Serial;
			passBuildSettingsInEnvironment = 1;
			productName = Serial;
		};
		CEC884DF1A063D3A00894961 /* Upload */ = {
			isa = PBXLegacyTarget;
			buildArgumentsString = "upload -C \"$(PROJECT)\"";
			buildConfigurationList = CEC885461A063D3A00894961 /* Build configuration list for PBXLegacyTarget "Upload" */;
			buildPhases = (
			);
			buildToolPath = make;
			dependencies = (
			);
			name = Upload;
			passBuildSettingsInEnvironment = 1;
			productName = Upload;
		};
/* End PBXLegacyTarget section */

/* Begin PBXNativeTarget section */
		CEC884E11A063D3A00894961 /* Index */ = {
			isa = PBXNativeTarget;
			buildConfigurationList = CEC885491A063D3A00894961 /* Build configuration list for PBXNativeTarget "Index" */;
			buildPhases = (
				CEC884E01A063D3A00894961 /* Sources */,
			);
			buildRules = (
			);
			dependencies = (
			);
			name = Index;
			productName = Index;
			productReference = CEC884E21A063D3A00894961 /* Index */;
			productType = "com.apple.product-type.tool";
		};
/* End PBXNativeTarget section */

/* Begin PBXProject section */
		CEC884D81A063D3A00894961 /* Project object */ = {
			isa = PBXProject;
			attributes = {
				LastUpgradeCheck = 0610;
				ORGANIZATIONNAME = "Aravinth Panchadcharam";
				TargetAttributes = {
					CEC884DC1A063D3A00894961 = {
						CreatedOnToolsVersion = 6.1;
					};
					CEC884DD1A063D3A00894961 = {
						CreatedOnToolsVersion = 6.1;
					};
					CEC884DE1A063D3A00894961 = {
						CreatedOnToolsVersion = 6.1;
					};
					CEC884DF1A063D3A00894961 = {
						CreatedOnToolsVersion = 6.1;
					};
					CEC884E11A063D3A00894961 = {
						CreatedOnToolsVersion = 6.1;
					};
				};
			};
			buildConfigurationList = CEC884DB1A063D3A00894961 /* Build configuration list for PBXProject "msp-hello-world" */;
			compatibilityVersion = "Xcode 3.2";
			developmentRegion = English;
			hasScannedForEncodings = 0;
			knownRegions = (
				en,
			);
			mainGroup = CEC884D71A063D3A00894961;
			productRefGroup = CEC884E31A063D3A00894961 /* Products */;
			projectDirPath = "";
			projectRoot = "";
			targets = (
				CEC884DC1A063D3A00894961 /* All */,
				CEC884DD1A063D3A00894961 /* Build */,
				CEC884DE1A063D3A00894961 /* Serial */,
				CEC884DF1A063D3A00894961 /* Upload */,
				CEC884E11A063D3A00894961 /* Index */,
			);
		};
/* End PBXProject section */

/* Begin PBXSourcesBuildPhase section */
		CEC884E01A063D3A00894961 /* Sources */ = {
			isa = PBXSourcesBuildPhase;
			buildActionMask = 2147483647;
			files = (
				CEC884EB1A063D3A00894961 /* Makefile in Sources */,
				CEC884E61A063D3A00894961 /* main.cpp in Sources */,
				CEC884E81A063D3A00894961 /* LocalLibrary.cpp in Sources */,
			);
			runOnlyForDeploymentPostprocessing = 0;
		};
/* End PBXSourcesBuildPhase section */

/* Begin XCBuildConfiguration section */
		CEC8853B1A063D3A00894961 /* Debug */ = {
			isa = XCBuildConfiguration;
			baseConfigurationReference = CEC8850C1A063D3A00894961 /* LaunchPad with MSP430G2553.xcconfig */;
			buildSettings = {
				ALWAYS_SEARCH_USER_PATHS = NO;
				CLANG_CXX_LANGUAGE_STANDARD = "gnu++0x";
				CLANG_CXX_LIBRARY = "libc++";
				CLANG_ENABLE_MODULES = YES;
				CLANG_ENABLE_OBJC_ARC = YES;
				CLANG_WARN_BOOL_CONVERSION = YES;
				CLANG_WARN_CONSTANT_CONVERSION = YES;
				CLANG_WARN_DIRECT_OBJC_ISA_USAGE = YES_ERROR;
				CLANG_WARN_EMPTY_BODY = YES;
				CLANG_WARN_ENUM_CONVERSION = YES;
				CLANG_WARN_INT_CONVERSION = YES;
				CLANG_WARN_OBJC_ROOT_CLASS = YES_ERROR;
				CLANG_WARN_UNREACHABLE_CODE = YES;
				CLANG_WARN__DUPLICATE_METHOD_MATCH = YES;
				COPY_PHASE_STRIP = NO;
				ENABLE_STRICT_OBJC_MSGSEND = YES;
				GCC_C_LANGUAGE_STANDARD = gnu99;
				GCC_DYNAMIC_NO_PIC = NO;
				GCC_OPTIMIZATION_LEVEL = 0;
				GCC_PREPROCESSOR_DEFINITIONS = (
					"DEBUG=1",
					"$(inherited)",
				);
				GCC_SYMBOLS_PRIVATE_EXTERN = NO;
				GCC_WARN_64_TO_32_BIT_CONVERSION = YES;
				GCC_WARN_ABOUT_RETURN_TYPE = YES_ERROR;
				GCC_WARN_UNDECLARED_SELECTOR = YES;
				GCC_WARN_UNINITIALIZED_AUTOS = YES_AGGRESSIVE;
				GCC_WARN_UNUSED_FUNCTION = YES;
				GCC_WARN_UNUSED_VARIABLE = YES;
				HEADER_SEARCH_PATHS = "$(inherited)";
				MTL_ENABLE_DEBUG_INFO = YES;
				ONLY_ACTIVE_ARCH = YES;
				PATH = "$(PATH):$(PROJECT_DIR)";
				PRODUCT_NAME = "$(TARGET_NAME)";
				SKETCHBOOK_DIR = "";
				SKETCH_EXTENSION = ino;
			};
			name = Debug;
		};
		CEC8853C1A063D3A00894961 /* Release */ = {
			isa = XCBuildConfiguration;
			buildSettings = {
				ALWAYS_SEARCH_USER_PATHS = NO;
				CLANG_CXX_LANGUAGE_STANDARD = "gnu++0x";
				CLANG_CXX_LIBRARY = "libc++";
				CLANG_ENABLE_MODULES = YES;
				CLANG_ENABLE_OBJC_ARC = YES;
				CLANG_WARN_BOOL_CONVERSION = YES;
				CLANG_WARN_CONSTANT_CONVERSION = YES;
				CLANG_WARN_DIRECT_OBJC_ISA_USAGE = YES_ERROR;
				CLANG_WARN_EMPTY_BODY = YES;
				CLANG_WARN_ENUM_CONVERSION = YES;
				CLANG_WARN_INT_CONVERSION = YES;
				CLANG_WARN_OBJC_ROOT_CLASS = YES_ERROR;
				CLANG_WARN_UNREACHABLE_CODE = YES;
				CLANG_WARN__DUPLICATE_METHOD_MATCH = YES;
				COPY_PHASE_STRIP = YES;
				ENABLE_NS_ASSERTIONS = NO;
				ENABLE_STRICT_OBJC_MSGSEND = YES;
				GCC_C_LANGUAGE_STANDARD = gnu99;
				GCC_WARN_64_TO_32_BIT_CONVERSION = YES;
				GCC_WARN_ABOUT_RETURN_TYPE = YES_ERROR;
				GCC_WARN_UNDECLARED_SELECTOR = YES;
				GCC_WARN_UNINITIALIZED_AUTOS = YES_AGGRESSIVE;
				GCC_WARN_UNUSED_FUNCTION = YES;
				GCC_WARN_UNUSED_VARIABLE = YES;
				HEADER_SEARCH_PATHS = "$(inherited)";
				MTL_ENABLE_DEBUG_INFO = NO;
				PATH = "$(PATH):$(PROJECT_DIR)";
				PRODUCT_NAME = "$(TARGET_NAME)";
				SKETCHBOOK_DIR = "";
				SKETCH_EXTENSION = ino;
			};
			name = Release;
		};
		CEC8853E1A063D3A00894961 /* Debug */ = {
			isa = XCBuildConfiguration;
			buildSettings = {
				PRODUCT_NAME = "$(TARGET_NAME)";
			};
			name = Debug;
		};
		CEC8853F1A063D3A00894961 /* Release */ = {
			isa = XCBuildConfiguration;
			buildSettings = {
				PRODUCT_NAME = "$(TARGET_NAME)";
			};
			name = Release;
		};
		CEC885411A063D3A00894961 /* Debug */ = {
			isa = XCBuildConfiguration;
			buildSettings = {
			};
			name = Debug;
		};
		CEC885421A063D3A00894961 /* Release */ = {
			isa = XCBuildConfiguration;
			buildSettings = {
			};
			name = Release;
		};
		CEC885441A063D3A00894961 /* Debug */ = {
			isa = XCBuildConfiguration;
			buildSettings = {
			};
			name = Debug;
		};
		CEC885451A063D3A00894961 /* Release */ = {
			isa = XCBuildConfiguration;
			buildSettings = {
			};
			name = Release;
		};
		CEC885471A063D3A00894961 /* Debug */ = {
			isa = XCBuildConfiguration;
			buildSettings = {
			};
			name = Debug;
		};
		CEC885481A063D3A00894961 /* Release */ = {
			isa = XCBuildConfiguration;
			buildSettings = {
			};
			name = Release;
		};
		CEC8854A1A063D3A00894961 /* Debug */ = {
			isa = XCBuildConfiguration;
			buildSettings = {
			};
			name = Debug;
		};
		CEC8854B1A063D3A00894961 /* Release */ = {
			isa = XCBuildConfiguration;
			buildSettings = {
			};
			name = Release;
		};
/* End XCBuildConfiguration section */

/* Begin XCConfigurationList section */
		CEC884DB1A063D3A00894961 /* Build configuration list for PBXProject "msp-hello-world" */ = {
			isa = XCConfigurationList;
			buildConfigurations = (
				CEC8853B1A063D3A00894961 /* Debug */,
				CEC8853C1A063D3A00894961 /* Release */,
			);
			defaultConfigurationIsVisible = 0;
			defaultConfigurationName = Release;
		};
		CEC8853D1A063D3A00894961 /* Build configuration list for PBXLegacyTarget "All" */ = {
			isa = XCConfigurationList;
			buildConfigurations = (
				CEC8853E1A063D3A00894961 /* Debug */,
				CEC8853F1A063D3A00894961 /* Release */,
			);
			defaultConfigurationIsVisible = 0;
		};
		CEC885401A063D3A00894961 /* Build configuration list for PBXLegacyTarget "Build" */ = {
			isa = XCConfigurationList;
			buildConfigurations = (
				CEC885411A063D3A00894961 /* Debug */,
				CEC885421A063D3A00894961 /* Release */,
			);
			defaultConfigurationIsVisible = 0;
		};
		CEC885431A063D3A00894961 /* Build configuration list for PBXLegacyTarget "Serial" */ = {
			isa = XCConfigurationList;
			buildConfigurations = (
				CEC885441A063D3A00894961 /* Debug */,
				CEC885451A063D3A00894961 /* Release */,
			);
			defaultConfigurationIsVisible = 0;
		};
		CEC885461A063D3A00894961 /* Build configuration list for PBXLegacyTarget "Upload" */ = {
			isa = XCConfigurationList;
			buildConfigurations = (
				CEC885471A063D3A00894961 /* Debug */,
				CEC885481A063D3A00894961 /* Release */,
			);
			defaultConfigurationIsVisible = 0;
		};
		CEC885491A063D3A00894961 /* Build configuration list for PBXNativeTarget "Index" */ = {
			isa = XCConfigurationList;
			buildConfigurations = (
				CEC8854A1A063D3A00894961 /* Debug */,
				CEC8854B1A063D3A00894961 /* Release */,
			);
			defaultConfigurationIsVisible = 0;
		};
/* End XCConfigurationList section */
	};
	rootObject = CEC884D81A063D3A00894961 /* Project object */;
}
